// !$*UTF8*$!
{
	archiveVersion = 1;
	classes = {
	};
	objectVersion = 55;
	objects = {

/* Begin PBXBuildFile section */
		03233A2D29A275B100FCD304 /* AppDelegate.swift in Sources */ = {isa = PBXBuildFile; fileRef = 03233A2C29A275B100FCD304 /* AppDelegate.swift */; };
		03233A2F29A275B100FCD304 /* SceneDelegate.swift in Sources */ = {isa = PBXBuildFile; fileRef = 03233A2E29A275B100FCD304 /* SceneDelegate.swift */; };
		03233A3129A275B100FCD304 /* CategoryDetailsViewController.swift in Sources */ = {isa = PBXBuildFile; fileRef = 03233A3029A275B100FCD304 /* CategoryDetailsViewController.swift */; };
		03233A3429A275B100FCD304 /* Main.storyboard in Resources */ = {isa = PBXBuildFile; fileRef = 03233A3229A275B100FCD304 /* Main.storyboard */; };
		03233A3729A275B100FCD304 /* ShopifyProj.xcdatamodeld in Sources */ = {isa = PBXBuildFile; fileRef = 03233A3529A275B100FCD304 /* ShopifyProj.xcdatamodeld */; };
		03233A3929A275B400FCD304 /* Assets.xcassets in Resources */ = {isa = PBXBuildFile; fileRef = 03233A3829A275B400FCD304 /* Assets.xcassets */; };
		03233A3C29A275B400FCD304 /* LaunchScreen.storyboard in Resources */ = {isa = PBXBuildFile; fileRef = 03233A3A29A275B400FCD304 /* LaunchScreen.storyboard */; };
		03233A4729A275B400FCD304 /* ShopifyProjTests.swift in Sources */ = {isa = PBXBuildFile; fileRef = 03233A4629A275B400FCD304 /* ShopifyProjTests.swift */; };
		03233A5129A275B400FCD304 /* ShopifyProjUITests.swift in Sources */ = {isa = PBXBuildFile; fileRef = 03233A5029A275B400FCD304 /* ShopifyProjUITests.swift */; };
		03233A5329A275B400FCD304 /* ShopifyProjUITestsLaunchTests.swift in Sources */ = {isa = PBXBuildFile; fileRef = 03233A5229A275B400FCD304 /* ShopifyProjUITestsLaunchTests.swift */; };
		3C234A5E44AEF0FC872CC2D3 /* Pods_ShopifyProj.framework in Frameworks */ = {isa = PBXBuildFile; fileRef = A6F73678D3271868CBDF8250 /* Pods_ShopifyProj.framework */; };
		8C3A800229A2C4E0003FAC92 /* HomeViewController.swift in Sources */ = {isa = PBXBuildFile; fileRef = 8C3A800129A2C4E0003FAC92 /* HomeViewController.swift */; };
		8C3A800429A2CA87003FAC92 /* CategoryViewController.swift in Sources */ = {isa = PBXBuildFile; fileRef = 8C3A800329A2CA87003FAC92 /* CategoryViewController.swift */; };
		8C3A800729A2CF84003FAC92 /* BrandCollectionViewCell.swift in Sources */ = {isa = PBXBuildFile; fileRef = 8C3A800529A2CF84003FAC92 /* BrandCollectionViewCell.swift */; };
		8C3A800829A2CF84003FAC92 /* BrandCollectionViewCell.xib in Resources */ = {isa = PBXBuildFile; fileRef = 8C3A800629A2CF84003FAC92 /* BrandCollectionViewCell.xib */; };
		8C3A800B29A2DE2A003FAC92 /* OffersCollectionViewCell.swift in Sources */ = {isa = PBXBuildFile; fileRef = 8C3A800929A2DE2A003FAC92 /* OffersCollectionViewCell.swift */; };
		8C3A800C29A2DE2A003FAC92 /* OffersCollectionViewCell.xib in Resources */ = {isa = PBXBuildFile; fileRef = 8C3A800A29A2DE2A003FAC92 /* OffersCollectionViewCell.xib */; };
		8C3A800E29A2E3FD003FAC92 /* TabBarViewController.swift in Sources */ = {isa = PBXBuildFile; fileRef = 8C3A800D29A2E3FD003FAC92 /* TabBarViewController.swift */; };
		BCD4E779C7D0B6272F46AE43 /* Pods_ShopifyProjTests.framework in Frameworks */ = {isa = PBXBuildFile; fileRef = 962CFF3CC65FBC346A1B689A /* Pods_ShopifyProjTests.framework */; };
		F65D83AC39C92EA94F512B7E /* Pods_ShopifyProj_ShopifyProjUITests.framework in Frameworks */ = {isa = PBXBuildFile; fileRef = 76A8B28120EFA5435EEDC0B1 /* Pods_ShopifyProj_ShopifyProjUITests.framework */; };
/* End PBXBuildFile section */

/* Begin PBXContainerItemProxy section */
		03233A4329A275B400FCD304 /* PBXContainerItemProxy */ = {
			isa = PBXContainerItemProxy;
			containerPortal = 03233A2129A275B100FCD304 /* Project object */;
			proxyType = 1;
			remoteGlobalIDString = 03233A2829A275B100FCD304;
			remoteInfo = ShopifyProj;
		};
		03233A4D29A275B400FCD304 /* PBXContainerItemProxy */ = {
			isa = PBXContainerItemProxy;
			containerPortal = 03233A2129A275B100FCD304 /* Project object */;
			proxyType = 1;
			remoteGlobalIDString = 03233A2829A275B100FCD304;
			remoteInfo = ShopifyProj;
		};
/* End PBXContainerItemProxy section */

/* Begin PBXFileReference section */
		03233A2929A275B100FCD304 /* ShopifyProj.app */ = {isa = PBXFileReference; explicitFileType = wrapper.application; includeInIndex = 0; path = ShopifyProj.app; sourceTree = BUILT_PRODUCTS_DIR; };
		03233A2C29A275B100FCD304 /* AppDelegate.swift */ = {isa = PBXFileReference; lastKnownFileType = sourcecode.swift; path = AppDelegate.swift; sourceTree = "<group>"; };
		03233A2E29A275B100FCD304 /* SceneDelegate.swift */ = {isa = PBXFileReference; lastKnownFileType = sourcecode.swift; path = SceneDelegate.swift; sourceTree = "<group>"; };
		03233A3029A275B100FCD304 /* CategoryDetailsViewController.swift */ = {isa = PBXFileReference; lastKnownFileType = sourcecode.swift; path = CategoryDetailsViewController.swift; sourceTree = "<group>"; };
		03233A3329A275B100FCD304 /* Base */ = {isa = PBXFileReference; lastKnownFileType = file.storyboard; name = Base; path = Base.lproj/Main.storyboard; sourceTree = "<group>"; };
		03233A3629A275B100FCD304 /* ShopifyProj.xcdatamodel */ = {isa = PBXFileReference; lastKnownFileType = wrapper.xcdatamodel; path = ShopifyProj.xcdatamodel; sourceTree = "<group>"; };
		03233A3829A275B400FCD304 /* Assets.xcassets */ = {isa = PBXFileReference; lastKnownFileType = folder.assetcatalog; path = Assets.xcassets; sourceTree = "<group>"; };
		03233A3B29A275B400FCD304 /* Base */ = {isa = PBXFileReference; lastKnownFileType = file.storyboard; name = Base; path = Base.lproj/LaunchScreen.storyboard; sourceTree = "<group>"; };
		03233A3D29A275B400FCD304 /* Info.plist */ = {isa = PBXFileReference; lastKnownFileType = text.plist.xml; path = Info.plist; sourceTree = "<group>"; };
		03233A4229A275B400FCD304 /* ShopifyProjTests.xctest */ = {isa = PBXFileReference; explicitFileType = wrapper.cfbundle; includeInIndex = 0; path = ShopifyProjTests.xctest; sourceTree = BUILT_PRODUCTS_DIR; };
		03233A4629A275B400FCD304 /* ShopifyProjTests.swift */ = {isa = PBXFileReference; lastKnownFileType = sourcecode.swift; path = ShopifyProjTests.swift; sourceTree = "<group>"; };
		03233A4C29A275B400FCD304 /* ShopifyProjUITests.xctest */ = {isa = PBXFileReference; explicitFileType = wrapper.cfbundle; includeInIndex = 0; path = ShopifyProjUITests.xctest; sourceTree = BUILT_PRODUCTS_DIR; };
		03233A5029A275B400FCD304 /* ShopifyProjUITests.swift */ = {isa = PBXFileReference; lastKnownFileType = sourcecode.swift; path = ShopifyProjUITests.swift; sourceTree = "<group>"; };
		03233A5229A275B400FCD304 /* ShopifyProjUITestsLaunchTests.swift */ = {isa = PBXFileReference; lastKnownFileType = sourcecode.swift; path = ShopifyProjUITestsLaunchTests.swift; sourceTree = "<group>"; };
		2A176904194F6431FCFE533F /* Pods-ShopifyProj.release.xcconfig */ = {isa = PBXFileReference; includeInIndex = 1; lastKnownFileType = text.xcconfig; name = "Pods-ShopifyProj.release.xcconfig"; path = "Target Support Files/Pods-ShopifyProj/Pods-ShopifyProj.release.xcconfig"; sourceTree = "<group>"; };
		497C2B8E2F45E2C6947067C2 /* Pods-ShopifyProj.debug.xcconfig */ = {isa = PBXFileReference; includeInIndex = 1; lastKnownFileType = text.xcconfig; name = "Pods-ShopifyProj.debug.xcconfig"; path = "Target Support Files/Pods-ShopifyProj/Pods-ShopifyProj.debug.xcconfig"; sourceTree = "<group>"; };
		6B647E7035C78BAC05B3035D /* Pods-ShopifyProj-ShopifyProjUITests.debug.xcconfig */ = {isa = PBXFileReference; includeInIndex = 1; lastKnownFileType = text.xcconfig; name = "Pods-ShopifyProj-ShopifyProjUITests.debug.xcconfig"; path = "Target Support Files/Pods-ShopifyProj-ShopifyProjUITests/Pods-ShopifyProj-ShopifyProjUITests.debug.xcconfig"; sourceTree = "<group>"; };
		76A8B28120EFA5435EEDC0B1 /* Pods_ShopifyProj_ShopifyProjUITests.framework */ = {isa = PBXFileReference; explicitFileType = wrapper.framework; includeInIndex = 0; path = Pods_ShopifyProj_ShopifyProjUITests.framework; sourceTree = BUILT_PRODUCTS_DIR; };
		8383BF91B4A45A668AAF6AC3 /* Pods-ShopifyProjTests.release.xcconfig */ = {isa = PBXFileReference; includeInIndex = 1; lastKnownFileType = text.xcconfig; name = "Pods-ShopifyProjTests.release.xcconfig"; path = "Target Support Files/Pods-ShopifyProjTests/Pods-ShopifyProjTests.release.xcconfig"; sourceTree = "<group>"; };
		8C3A800129A2C4E0003FAC92 /* HomeViewController.swift */ = {isa = PBXFileReference; lastKnownFileType = sourcecode.swift; path = HomeViewController.swift; sourceTree = "<group>"; };
		8C3A800329A2CA87003FAC92 /* CategoryViewController.swift */ = {isa = PBXFileReference; lastKnownFileType = sourcecode.swift; path = CategoryViewController.swift; sourceTree = "<group>"; };
		8C3A800529A2CF84003FAC92 /* BrandCollectionViewCell.swift */ = {isa = PBXFileReference; lastKnownFileType = sourcecode.swift; path = BrandCollectionViewCell.swift; sourceTree = "<group>"; };
		8C3A800629A2CF84003FAC92 /* BrandCollectionViewCell.xib */ = {isa = PBXFileReference; lastKnownFileType = file.xib; path = BrandCollectionViewCell.xib; sourceTree = "<group>"; };
		8C3A800929A2DE2A003FAC92 /* OffersCollectionViewCell.swift */ = {isa = PBXFileReference; lastKnownFileType = sourcecode.swift; path = OffersCollectionViewCell.swift; sourceTree = "<group>"; };
		8C3A800A29A2DE2A003FAC92 /* OffersCollectionViewCell.xib */ = {isa = PBXFileReference; lastKnownFileType = file.xib; path = OffersCollectionViewCell.xib; sourceTree = "<group>"; };
		8C3A800D29A2E3FD003FAC92 /* TabBarViewController.swift */ = {isa = PBXFileReference; lastKnownFileType = sourcecode.swift; path = TabBarViewController.swift; sourceTree = "<group>"; };
		962CFF3CC65FBC346A1B689A /* Pods_ShopifyProjTests.framework */ = {isa = PBXFileReference; explicitFileType = wrapper.framework; includeInIndex = 0; path = Pods_ShopifyProjTests.framework; sourceTree = BUILT_PRODUCTS_DIR; };
		A6F73678D3271868CBDF8250 /* Pods_ShopifyProj.framework */ = {isa = PBXFileReference; explicitFileType = wrapper.framework; includeInIndex = 0; path = Pods_ShopifyProj.framework; sourceTree = BUILT_PRODUCTS_DIR; };
		CC7C3F0D3DF1D53BAB493C76 /* Pods-ShopifyProjTests.debug.xcconfig */ = {isa = PBXFileReference; includeInIndex = 1; lastKnownFileType = text.xcconfig; name = "Pods-ShopifyProjTests.debug.xcconfig"; path = "Target Support Files/Pods-ShopifyProjTests/Pods-ShopifyProjTests.debug.xcconfig"; sourceTree = "<group>"; };
		CDDE7E7C6E6108B51C6DDC75 /* Pods-ShopifyProj-ShopifyProjUITests.release.xcconfig */ = {isa = PBXFileReference; includeInIndex = 1; lastKnownFileType = text.xcconfig; name = "Pods-ShopifyProj-ShopifyProjUITests.release.xcconfig"; path = "Target Support Files/Pods-ShopifyProj-ShopifyProjUITests/Pods-ShopifyProj-ShopifyProjUITests.release.xcconfig"; sourceTree = "<group>"; };
/* End PBXFileReference section */

/* Begin PBXFrameworksBuildPhase section */
		03233A2629A275B100FCD304 /* Frameworks */ = {
			isa = PBXFrameworksBuildPhase;
			buildActionMask = 2147483647;
			files = (
				3C234A5E44AEF0FC872CC2D3 /* Pods_ShopifyProj.framework in Frameworks */,
			);
			runOnlyForDeploymentPostprocessing = 0;
		};
		03233A3F29A275B400FCD304 /* Frameworks */ = {
			isa = PBXFrameworksBuildPhase;
			buildActionMask = 2147483647;
			files = (
				BCD4E779C7D0B6272F46AE43 /* Pods_ShopifyProjTests.framework in Frameworks */,
			);
			runOnlyForDeploymentPostprocessing = 0;
		};
		03233A4929A275B400FCD304 /* Frameworks */ = {
			isa = PBXFrameworksBuildPhase;
			buildActionMask = 2147483647;
			files = (
				F65D83AC39C92EA94F512B7E /* Pods_ShopifyProj_ShopifyProjUITests.framework in Frameworks */,
			);
			runOnlyForDeploymentPostprocessing = 0;
		};
/* End PBXFrameworksBuildPhase section */

/* Begin PBXGroup section */
		03233A2029A275B100FCD304 = {
			isa = PBXGroup;
			children = (
				03233A2B29A275B100FCD304 /* ShopifyProj */,
				03233A4529A275B400FCD304 /* ShopifyProjTests */,
				03233A4F29A275B400FCD304 /* ShopifyProjUITests */,
				03233A2A29A275B100FCD304 /* Products */,
				F625F3D9D49CA24680AABDB8 /* Pods */,
				D288B3EC87EF048D9034448B /* Frameworks */,
			);
			sourceTree = "<group>";
		};
		03233A2A29A275B100FCD304 /* Products */ = {
			isa = PBXGroup;
			children = (
				03233A2929A275B100FCD304 /* ShopifyProj.app */,
				03233A4229A275B400FCD304 /* ShopifyProjTests.xctest */,
				03233A4C29A275B400FCD304 /* ShopifyProjUITests.xctest */,
			);
			name = Products;
			sourceTree = "<group>";
		};
		03233A2B29A275B100FCD304 /* ShopifyProj */ = {
			isa = PBXGroup;
			children = (
				8CF7B49D29A2B3AC00346909 /* Model */,
				8CF7B49C29A2B3A200346909 /* ViewModel */,
				8CF7B49B29A2B37100346909 /* ViewController */,
				8CF7B49A29A2B36300346909 /* Helper */,
				03233A3829A275B400FCD304 /* Assets.xcassets */,
				03233A3D29A275B400FCD304 /* Info.plist */,
				03233A3529A275B100FCD304 /* ShopifyProj.xcdatamodeld */,
			);
			path = ShopifyProj;
			sourceTree = "<group>";
		};
		03233A4529A275B400FCD304 /* ShopifyProjTests */ = {
			isa = PBXGroup;
			children = (
				03233A4629A275B400FCD304 /* ShopifyProjTests.swift */,
			);
			path = ShopifyProjTests;
			sourceTree = "<group>";
		};
		03233A4F29A275B400FCD304 /* ShopifyProjUITests */ = {
			isa = PBXGroup;
			children = (
				03233A5029A275B400FCD304 /* ShopifyProjUITests.swift */,
				03233A5229A275B400FCD304 /* ShopifyProjUITestsLaunchTests.swift */,
			);
			path = ShopifyProjUITests;
			sourceTree = "<group>";
		};
		8CF7B49A29A2B36300346909 /* Helper */ = {
			isa = PBXGroup;
			children = (
				03233A2E29A275B100FCD304 /* SceneDelegate.swift */,
				03233A2C29A275B100FCD304 /* AppDelegate.swift */,
			);
			path = Helper;
			sourceTree = "<group>";
		};
		8CF7B49B29A2B37100346909 /* ViewController */ = {
			isa = PBXGroup;
			children = (
				8CF7B4A529A2B42600346909 /* BrandDetailsController */,
				8CF7B4A429A2B41900346909 /* ProductDetailsController */,
				8CF7B4A329A2B3FC00346909 /* SettingController */,
				8CF7B4A229A2B3F100346909 /* CartController */,
				8CF7B4A129A2B3E300346909 /* FavouriteController */,
				8CF7B4A029A2B3D700346909 /* MeController */,
				8CF7B49F29A2B3CA00346909 /* CategoryController */,
				8CF7B49E29A2B3B800346909 /* HomeController */,
				03233A3029A275B100FCD304 /* CategoryDetailsViewController.swift */,
				03233A3229A275B100FCD304 /* Main.storyboard */,
				03233A3A29A275B400FCD304 /* LaunchScreen.storyboard */,
			);
			path = ViewController;
			sourceTree = "<group>";
		};
		8CF7B49C29A2B3A200346909 /* ViewModel */ = {
			isa = PBXGroup;
			children = (
			);
			path = ViewModel;
			sourceTree = "<group>";
		};
		8CF7B49D29A2B3AC00346909 /* Model */ = {
			isa = PBXGroup;
			children = (
			);
			path = Model;
			sourceTree = "<group>";
		};
		8CF7B49E29A2B3B800346909 /* HomeController */ = {
			isa = PBXGroup;
			children = (
				8C3A800129A2C4E0003FAC92 /* HomeViewController.swift */,
				8C3A800529A2CF84003FAC92 /* BrandCollectionViewCell.swift */,
				8C3A800629A2CF84003FAC92 /* BrandCollectionViewCell.xib */,
				8C3A800929A2DE2A003FAC92 /* OffersCollectionViewCell.swift */,
				8C3A800A29A2DE2A003FAC92 /* OffersCollectionViewCell.xib */,
				8C3A800D29A2E3FD003FAC92 /* TabBarViewController.swift */,
			);
			path = HomeController;
			sourceTree = "<group>";
		};
		8CF7B49F29A2B3CA00346909 /* CategoryController */ = {
			isa = PBXGroup;
			children = (
				8C3A800329A2CA87003FAC92 /* CategoryViewController.swift */,
			);
			path = CategoryController;
			sourceTree = "<group>";
		};
		8CF7B4A029A2B3D700346909 /* MeController */ = {
			isa = PBXGroup;
			children = (
			);
			path = MeController;
			sourceTree = "<group>";
		};
		8CF7B4A129A2B3E300346909 /* FavouriteController */ = {
			isa = PBXGroup;
			children = (
			);
			path = FavouriteController;
			sourceTree = "<group>";
		};
		8CF7B4A229A2B3F100346909 /* CartController */ = {
			isa = PBXGroup;
			children = (
			);
			path = CartController;
			sourceTree = "<group>";
		};
		8CF7B4A329A2B3FC00346909 /* SettingController */ = {
			isa = PBXGroup;
			children = (
			);
			path = SettingController;
			sourceTree = "<group>";
		};
		8CF7B4A429A2B41900346909 /* ProductDetailsController */ = {
			isa = PBXGroup;
			children = (
			);
			path = ProductDetailsController;
			sourceTree = "<group>";
		};
		8CF7B4A529A2B42600346909 /* BrandDetailsController */ = {
			isa = PBXGroup;
			children = (
			);
			path = BrandDetailsController;
			sourceTree = "<group>";
		};
		D288B3EC87EF048D9034448B /* Frameworks */ = {
			isa = PBXGroup;
			children = (
				A6F73678D3271868CBDF8250 /* Pods_ShopifyProj.framework */,
				76A8B28120EFA5435EEDC0B1 /* Pods_ShopifyProj_ShopifyProjUITests.framework */,
				962CFF3CC65FBC346A1B689A /* Pods_ShopifyProjTests.framework */,
			);
			name = Frameworks;
			sourceTree = "<group>";
		};
		F625F3D9D49CA24680AABDB8 /* Pods */ = {
			isa = PBXGroup;
			children = (
				497C2B8E2F45E2C6947067C2 /* Pods-ShopifyProj.debug.xcconfig */,
				2A176904194F6431FCFE533F /* Pods-ShopifyProj.release.xcconfig */,
				6B647E7035C78BAC05B3035D /* Pods-ShopifyProj-ShopifyProjUITests.debug.xcconfig */,
				CDDE7E7C6E6108B51C6DDC75 /* Pods-ShopifyProj-ShopifyProjUITests.release.xcconfig */,
				CC7C3F0D3DF1D53BAB493C76 /* Pods-ShopifyProjTests.debug.xcconfig */,
				8383BF91B4A45A668AAF6AC3 /* Pods-ShopifyProjTests.release.xcconfig */,
			);
			path = Pods;
			sourceTree = "<group>";
		};
/* End PBXGroup section */

/* Begin PBXNativeTarget section */
		03233A2829A275B100FCD304 /* ShopifyProj */ = {
			isa = PBXNativeTarget;
			buildConfigurationList = 03233A5629A275B400FCD304 /* Build configuration list for PBXNativeTarget "ShopifyProj" */;
			buildPhases = (
				44F30FD89B79C5EDD80C0194 /* [CP] Check Pods Manifest.lock */,
				03233A2529A275B100FCD304 /* Sources */,
				03233A2629A275B100FCD304 /* Frameworks */,
				03233A2729A275B100FCD304 /* Resources */,
				F7B371975F04A50996555906 /* [CP] Embed Pods Frameworks */,
			);
			buildRules = (
			);
			dependencies = (
			);
			name = ShopifyProj;
			productName = ShopifyProj;
			productReference = 03233A2929A275B100FCD304 /* ShopifyProj.app */;
			productType = "com.apple.product-type.application";
		};
		03233A4129A275B400FCD304 /* ShopifyProjTests */ = {
			isa = PBXNativeTarget;
			buildConfigurationList = 03233A5929A275B400FCD304 /* Build configuration list for PBXNativeTarget "ShopifyProjTests" */;
			buildPhases = (
				6486839906B930C385D0D0FA /* [CP] Check Pods Manifest.lock */,
				03233A3E29A275B400FCD304 /* Sources */,
				03233A3F29A275B400FCD304 /* Frameworks */,
				03233A4029A275B400FCD304 /* Resources */,
			);
			buildRules = (
			);
			dependencies = (
				03233A4429A275B400FCD304 /* PBXTargetDependency */,
			);
			name = ShopifyProjTests;
			productName = ShopifyProjTests;
			productReference = 03233A4229A275B400FCD304 /* ShopifyProjTests.xctest */;
			productType = "com.apple.product-type.bundle.unit-test";
		};
		03233A4B29A275B400FCD304 /* ShopifyProjUITests */ = {
			isa = PBXNativeTarget;
			buildConfigurationList = 03233A5C29A275B400FCD304 /* Build configuration list for PBXNativeTarget "ShopifyProjUITests" */;
			buildPhases = (
				8821B22ABE02AC028B4BC2D7 /* [CP] Check Pods Manifest.lock */,
				03233A4829A275B400FCD304 /* Sources */,
				03233A4929A275B400FCD304 /* Frameworks */,
				03233A4A29A275B400FCD304 /* Resources */,
				0FB80C0F059855EFA44656FE /* [CP] Embed Pods Frameworks */,
			);
			buildRules = (
			);
			dependencies = (
				03233A4E29A275B400FCD304 /* PBXTargetDependency */,
			);
			name = ShopifyProjUITests;
			productName = ShopifyProjUITests;
			productReference = 03233A4C29A275B400FCD304 /* ShopifyProjUITests.xctest */;
			productType = "com.apple.product-type.bundle.ui-testing";
		};
/* End PBXNativeTarget section */

/* Begin PBXProject section */
		03233A2129A275B100FCD304 /* Project object */ = {
			isa = PBXProject;
			attributes = {
				BuildIndependentTargetsInParallel = 1;
				LastSwiftUpdateCheck = 1420;
				LastUpgradeCheck = 1420;
				TargetAttributes = {
					03233A2829A275B100FCD304 = {
						CreatedOnToolsVersion = 14.2;
					};
					03233A4129A275B400FCD304 = {
						CreatedOnToolsVersion = 14.2;
						TestTargetID = 03233A2829A275B100FCD304;
					};
					03233A4B29A275B400FCD304 = {
						CreatedOnToolsVersion = 14.2;
						TestTargetID = 03233A2829A275B100FCD304;
					};
				};
			};
			buildConfigurationList = 03233A2429A275B100FCD304 /* Build configuration list for PBXProject "ShopifyProj" */;
			compatibilityVersion = "Xcode 13.0";
			developmentRegion = en;
			hasScannedForEncodings = 0;
			knownRegions = (
				en,
				Base,
			);
			mainGroup = 03233A2029A275B100FCD304;
			productRefGroup = 03233A2A29A275B100FCD304 /* Products */;
			projectDirPath = "";
			projectRoot = "";
			targets = (
				03233A2829A275B100FCD304 /* ShopifyProj */,
				03233A4129A275B400FCD304 /* ShopifyProjTests */,
				03233A4B29A275B400FCD304 /* ShopifyProjUITests */,
			);
		};
/* End PBXProject section */

/* Begin PBXResourcesBuildPhase section */
		03233A2729A275B100FCD304 /* Resources */ = {
			isa = PBXResourcesBuildPhase;
			buildActionMask = 2147483647;
			files = (
				8C3A800C29A2DE2A003FAC92 /* OffersCollectionViewCell.xib in Resources */,
				03233A3C29A275B400FCD304 /* LaunchScreen.storyboard in Resources */,
				03233A3929A275B400FCD304 /* Assets.xcassets in Resources */,
				8C3A800829A2CF84003FAC92 /* BrandCollectionViewCell.xib in Resources */,
				03233A3429A275B100FCD304 /* Main.storyboard in Resources */,
			);
			runOnlyForDeploymentPostprocessing = 0;
		};
		03233A4029A275B400FCD304 /* Resources */ = {
			isa = PBXResourcesBuildPhase;
			buildActionMask = 2147483647;
			files = (
			);
			runOnlyForDeploymentPostprocessing = 0;
		};
		03233A4A29A275B400FCD304 /* Resources */ = {
			isa = PBXResourcesBuildPhase;
			buildActionMask = 2147483647;
			files = (
			);
			runOnlyForDeploymentPostprocessing = 0;
		};
/* End PBXResourcesBuildPhase section */

/* Begin PBXShellScriptBuildPhase section */
		0FB80C0F059855EFA44656FE /* [CP] Embed Pods Frameworks */ = {
			isa = PBXShellScriptBuildPhase;
			buildActionMask = 2147483647;
			files = (
			);
			inputFileListPaths = (
				"${PODS_ROOT}/Target Support Files/Pods-ShopifyProj-ShopifyProjUITests/Pods-ShopifyProj-ShopifyProjUITests-frameworks-${CONFIGURATION}-input-files.xcfilelist",
			);
			name = "[CP] Embed Pods Frameworks";
			outputFileListPaths = (
				"${PODS_ROOT}/Target Support Files/Pods-ShopifyProj-ShopifyProjUITests/Pods-ShopifyProj-ShopifyProjUITests-frameworks-${CONFIGURATION}-output-files.xcfilelist",
			);
			runOnlyForDeploymentPostprocessing = 0;
			shellPath = /bin/sh;
			shellScript = "\"${PODS_ROOT}/Target Support Files/Pods-ShopifyProj-ShopifyProjUITests/Pods-ShopifyProj-ShopifyProjUITests-frameworks.sh\"\n";
			showEnvVarsInLog = 0;
		};
		44F30FD89B79C5EDD80C0194 /* [CP] Check Pods Manifest.lock */ = {
			isa = PBXShellScriptBuildPhase;
			buildActionMask = 2147483647;
			files = (
			);
			inputFileListPaths = (
			);
			inputPaths = (
				"${PODS_PODFILE_DIR_PATH}/Podfile.lock",
				"${PODS_ROOT}/Manifest.lock",
			);
			name = "[CP] Check Pods Manifest.lock";
			outputFileListPaths = (
			);
			outputPaths = (
				"$(DERIVED_FILE_DIR)/Pods-ShopifyProj-checkManifestLockResult.txt",
			);
			runOnlyForDeploymentPostprocessing = 0;
			shellPath = /bin/sh;
			shellScript = "diff \"${PODS_PODFILE_DIR_PATH}/Podfile.lock\" \"${PODS_ROOT}/Manifest.lock\" > /dev/null\nif [ $? != 0 ] ; then\n    # print error to STDERR\n    echo \"error: The sandbox is not in sync with the Podfile.lock. Run 'pod install' or update your CocoaPods installation.\" >&2\n    exit 1\nfi\n# This output is used by Xcode 'outputs' to avoid re-running this script phase.\necho \"SUCCESS\" > \"${SCRIPT_OUTPUT_FILE_0}\"\n";
			showEnvVarsInLog = 0;
		};
		6486839906B930C385D0D0FA /* [CP] Check Pods Manifest.lock */ = {
			isa = PBXShellScriptBuildPhase;
			buildActionMask = 2147483647;
			files = (
			);
			inputFileListPaths = (
			);
			inputPaths = (
				"${PODS_PODFILE_DIR_PATH}/Podfile.lock",
				"${PODS_ROOT}/Manifest.lock",
			);
			name = "[CP] Check Pods Manifest.lock";
			outputFileListPaths = (
			);
			outputPaths = (
				"$(DERIVED_FILE_DIR)/Pods-ShopifyProjTests-checkManifestLockResult.txt",
			);
			runOnlyForDeploymentPostprocessing = 0;
			shellPath = /bin/sh;
			shellScript = "diff \"${PODS_PODFILE_DIR_PATH}/Podfile.lock\" \"${PODS_ROOT}/Manifest.lock\" > /dev/null\nif [ $? != 0 ] ; then\n    # print error to STDERR\n    echo \"error: The sandbox is not in sync with the Podfile.lock. Run 'pod install' or update your CocoaPods installation.\" >&2\n    exit 1\nfi\n# This output is used by Xcode 'outputs' to avoid re-running this script phase.\necho \"SUCCESS\" > \"${SCRIPT_OUTPUT_FILE_0}\"\n";
			showEnvVarsInLog = 0;
		};
		8821B22ABE02AC028B4BC2D7 /* [CP] Check Pods Manifest.lock */ = {
			isa = PBXShellScriptBuildPhase;
			buildActionMask = 2147483647;
			files = (
			);
			inputFileListPaths = (
			);
			inputPaths = (
				"${PODS_PODFILE_DIR_PATH}/Podfile.lock",
				"${PODS_ROOT}/Manifest.lock",
			);
			name = "[CP] Check Pods Manifest.lock";
			outputFileListPaths = (
			);
			outputPaths = (
				"$(DERIVED_FILE_DIR)/Pods-ShopifyProj-ShopifyProjUITests-checkManifestLockResult.txt",
			);
			runOnlyForDeploymentPostprocessing = 0;
			shellPath = /bin/sh;
			shellScript = "diff \"${PODS_PODFILE_DIR_PATH}/Podfile.lock\" \"${PODS_ROOT}/Manifest.lock\" > /dev/null\nif [ $? != 0 ] ; then\n    # print error to STDERR\n    echo \"error: The sandbox is not in sync with the Podfile.lock. Run 'pod install' or update your CocoaPods installation.\" >&2\n    exit 1\nfi\n# This output is used by Xcode 'outputs' to avoid re-running this script phase.\necho \"SUCCESS\" > \"${SCRIPT_OUTPUT_FILE_0}\"\n";
			showEnvVarsInLog = 0;
		};
		F7B371975F04A50996555906 /* [CP] Embed Pods Frameworks */ = {
			isa = PBXShellScriptBuildPhase;
			buildActionMask = 2147483647;
			files = (
			);
			inputFileListPaths = (
				"${PODS_ROOT}/Target Support Files/Pods-ShopifyProj/Pods-ShopifyProj-frameworks-${CONFIGURATION}-input-files.xcfilelist",
			);
			name = "[CP] Embed Pods Frameworks";
			outputFileListPaths = (
				"${PODS_ROOT}/Target Support Files/Pods-ShopifyProj/Pods-ShopifyProj-frameworks-${CONFIGURATION}-output-files.xcfilelist",
			);
			runOnlyForDeploymentPostprocessing = 0;
			shellPath = /bin/sh;
			shellScript = "\"${PODS_ROOT}/Target Support Files/Pods-ShopifyProj/Pods-ShopifyProj-frameworks.sh\"\n";
			showEnvVarsInLog = 0;
		};
/* End PBXShellScriptBuildPhase section */

/* Begin PBXSourcesBuildPhase section */
		03233A2529A275B100FCD304 /* Sources */ = {
			isa = PBXSourcesBuildPhase;
			buildActionMask = 2147483647;
			files = (
				8C3A800729A2CF84003FAC92 /* BrandCollectionViewCell.swift in Sources */,
				8C3A800229A2C4E0003FAC92 /* HomeViewController.swift in Sources */,
				03233A3129A275B100FCD304 /* CategoryDetailsViewController.swift in Sources */,
				03233A3729A275B100FCD304 /* ShopifyProj.xcdatamodeld in Sources */,
				8C3A800E29A2E3FD003FAC92 /* TabBarViewController.swift in Sources */,
				03233A2D29A275B100FCD304 /* AppDelegate.swift in Sources */,
				8C3A800B29A2DE2A003FAC92 /* OffersCollectionViewCell.swift in Sources */,
				8C3A800429A2CA87003FAC92 /* CategoryViewController.swift in Sources */,
				03233A2F29A275B100FCD304 /* SceneDelegate.swift in Sources */,
			);
			runOnlyForDeploymentPostprocessing = 0;
		};
		03233A3E29A275B400FCD304 /* Sources */ = {
			isa = PBXSourcesBuildPhase;
			buildActionMask = 2147483647;
			files = (
				03233A4729A275B400FCD304 /* ShopifyProjTests.swift in Sources */,
			);
			runOnlyForDeploymentPostprocessing = 0;
		};
		03233A4829A275B400FCD304 /* Sources */ = {
			isa = PBXSourcesBuildPhase;
			buildActionMask = 2147483647;
			files = (
				03233A5329A275B400FCD304 /* ShopifyProjUITestsLaunchTests.swift in Sources */,
				03233A5129A275B400FCD304 /* ShopifyProjUITests.swift in Sources */,
			);
			runOnlyForDeploymentPostprocessing = 0;
		};
/* End PBXSourcesBuildPhase section */

/* Begin PBXTargetDependency section */
		03233A4429A275B400FCD304 /* PBXTargetDependency */ = {
			isa = PBXTargetDependency;
			target = 03233A2829A275B100FCD304 /* ShopifyProj */;
			targetProxy = 03233A4329A275B400FCD304 /* PBXContainerItemProxy */;
		};
		03233A4E29A275B400FCD304 /* PBXTargetDependency */ = {
			isa = PBXTargetDependency;
			target = 03233A2829A275B100FCD304 /* ShopifyProj */;
			targetProxy = 03233A4D29A275B400FCD304 /* PBXContainerItemProxy */;
		};
/* End PBXTargetDependency section */

/* Begin PBXVariantGroup section */
		03233A3229A275B100FCD304 /* Main.storyboard */ = {
			isa = PBXVariantGroup;
			children = (
				03233A3329A275B100FCD304 /* Base */,
			);
			name = Main.storyboard;
			sourceTree = "<group>";
		};
		03233A3A29A275B400FCD304 /* LaunchScreen.storyboard */ = {
			isa = PBXVariantGroup;
			children = (
				03233A3B29A275B400FCD304 /* Base */,
			);
			name = LaunchScreen.storyboard;
			sourceTree = "<group>";
		};
/* End PBXVariantGroup section */

/* Begin XCBuildConfiguration section */
		03233A5429A275B400FCD304 /* Debug */ = {
			isa = XCBuildConfiguration;
			buildSettings = {
				ALWAYS_SEARCH_USER_PATHS = NO;
				CLANG_ANALYZER_NONNULL = YES;
				CLANG_ANALYZER_NUMBER_OBJECT_CONVERSION = YES_AGGRESSIVE;
				CLANG_CXX_LANGUAGE_STANDARD = "gnu++20";
				CLANG_ENABLE_MODULES = YES;
				CLANG_ENABLE_OBJC_ARC = YES;
				CLANG_ENABLE_OBJC_WEAK = YES;
				CLANG_WARN_BLOCK_CAPTURE_AUTORELEASING = YES;
				CLANG_WARN_BOOL_CONVERSION = YES;
				CLANG_WARN_COMMA = YES;
				CLANG_WARN_CONSTANT_CONVERSION = YES;
				CLANG_WARN_DEPRECATED_OBJC_IMPLEMENTATIONS = YES;
				CLANG_WARN_DIRECT_OBJC_ISA_USAGE = YES_ERROR;
				CLANG_WARN_DOCUMENTATION_COMMENTS = YES;
				CLANG_WARN_EMPTY_BODY = YES;
				CLANG_WARN_ENUM_CONVERSION = YES;
				CLANG_WARN_INFINITE_RECURSION = YES;
				CLANG_WARN_INT_CONVERSION = YES;
				CLANG_WARN_NON_LITERAL_NULL_CONVERSION = YES;
				CLANG_WARN_OBJC_IMPLICIT_RETAIN_SELF = YES;
				CLANG_WARN_OBJC_LITERAL_CONVERSION = YES;
				CLANG_WARN_OBJC_ROOT_CLASS = YES_ERROR;
				CLANG_WARN_QUOTED_INCLUDE_IN_FRAMEWORK_HEADER = YES;
				CLANG_WARN_RANGE_LOOP_ANALYSIS = YES;
				CLANG_WARN_STRICT_PROTOTYPES = YES;
				CLANG_WARN_SUSPICIOUS_MOVE = YES;
				CLANG_WARN_UNGUARDED_AVAILABILITY = YES_AGGRESSIVE;
				CLANG_WARN_UNREACHABLE_CODE = YES;
				CLANG_WARN__DUPLICATE_METHOD_MATCH = YES;
				COPY_PHASE_STRIP = NO;
				DEBUG_INFORMATION_FORMAT = dwarf;
				ENABLE_STRICT_OBJC_MSGSEND = YES;
				ENABLE_TESTABILITY = YES;
				GCC_C_LANGUAGE_STANDARD = gnu11;
				GCC_DYNAMIC_NO_PIC = NO;
				GCC_NO_COMMON_BLOCKS = YES;
				GCC_OPTIMIZATION_LEVEL = 0;
				GCC_PREPROCESSOR_DEFINITIONS = (
					"DEBUG=1",
					"$(inherited)",
				);
				GCC_WARN_64_TO_32_BIT_CONVERSION = YES;
				GCC_WARN_ABOUT_RETURN_TYPE = YES_ERROR;
				GCC_WARN_UNDECLARED_SELECTOR = YES;
				GCC_WARN_UNINITIALIZED_AUTOS = YES_AGGRESSIVE;
				GCC_WARN_UNUSED_FUNCTION = YES;
				GCC_WARN_UNUSED_VARIABLE = YES;
				IPHONEOS_DEPLOYMENT_TARGET = 16.2;
				MTL_ENABLE_DEBUG_INFO = INCLUDE_SOURCE;
				MTL_FAST_MATH = YES;
				ONLY_ACTIVE_ARCH = YES;
				SDKROOT = iphoneos;
				SWIFT_ACTIVE_COMPILATION_CONDITIONS = DEBUG;
				SWIFT_OPTIMIZATION_LEVEL = "-Onone";
			};
			name = Debug;
		};
		03233A5529A275B400FCD304 /* Release */ = {
			isa = XCBuildConfiguration;
			buildSettings = {
				ALWAYS_SEARCH_USER_PATHS = NO;
				CLANG_ANALYZER_NONNULL = YES;
				CLANG_ANALYZER_NUMBER_OBJECT_CONVERSION = YES_AGGRESSIVE;
				CLANG_CXX_LANGUAGE_STANDARD = "gnu++20";
				CLANG_ENABLE_MODULES = YES;
				CLANG_ENABLE_OBJC_ARC = YES;
				CLANG_ENABLE_OBJC_WEAK = YES;
				CLANG_WARN_BLOCK_CAPTURE_AUTORELEASING = YES;
				CLANG_WARN_BOOL_CONVERSION = YES;
				CLANG_WARN_COMMA = YES;
				CLANG_WARN_CONSTANT_CONVERSION = YES;
				CLANG_WARN_DEPRECATED_OBJC_IMPLEMENTATIONS = YES;
				CLANG_WARN_DIRECT_OBJC_ISA_USAGE = YES_ERROR;
				CLANG_WARN_DOCUMENTATION_COMMENTS = YES;
				CLANG_WARN_EMPTY_BODY = YES;
				CLANG_WARN_ENUM_CONVERSION = YES;
				CLANG_WARN_INFINITE_RECURSION = YES;
				CLANG_WARN_INT_CONVERSION = YES;
				CLANG_WARN_NON_LITERAL_NULL_CONVERSION = YES;
				CLANG_WARN_OBJC_IMPLICIT_RETAIN_SELF = YES;
				CLANG_WARN_OBJC_LITERAL_CONVERSION = YES;
				CLANG_WARN_OBJC_ROOT_CLASS = YES_ERROR;
				CLANG_WARN_QUOTED_INCLUDE_IN_FRAMEWORK_HEADER = YES;
				CLANG_WARN_RANGE_LOOP_ANALYSIS = YES;
				CLANG_WARN_STRICT_PROTOTYPES = YES;
				CLANG_WARN_SUSPICIOUS_MOVE = YES;
				CLANG_WARN_UNGUARDED_AVAILABILITY = YES_AGGRESSIVE;
				CLANG_WARN_UNREACHABLE_CODE = YES;
				CLANG_WARN__DUPLICATE_METHOD_MATCH = YES;
				COPY_PHASE_STRIP = NO;
				DEBUG_INFORMATION_FORMAT = "dwarf-with-dsym";
				ENABLE_NS_ASSERTIONS = NO;
				ENABLE_STRICT_OBJC_MSGSEND = YES;
				GCC_C_LANGUAGE_STANDARD = gnu11;
				GCC_NO_COMMON_BLOCKS = YES;
				GCC_WARN_64_TO_32_BIT_CONVERSION = YES;
				GCC_WARN_ABOUT_RETURN_TYPE = YES_ERROR;
				GCC_WARN_UNDECLARED_SELECTOR = YES;
				GCC_WARN_UNINITIALIZED_AUTOS = YES_AGGRESSIVE;
				GCC_WARN_UNUSED_FUNCTION = YES;
				GCC_WARN_UNUSED_VARIABLE = YES;
				IPHONEOS_DEPLOYMENT_TARGET = 16.2;
				MTL_ENABLE_DEBUG_INFO = NO;
				MTL_FAST_MATH = YES;
				SDKROOT = iphoneos;
				SWIFT_COMPILATION_MODE = wholemodule;
				SWIFT_OPTIMIZATION_LEVEL = "-O";
				VALIDATE_PRODUCT = YES;
			};
			name = Release;
		};
		03233A5729A275B400FCD304 /* Debug */ = {
			isa = XCBuildConfiguration;
			baseConfigurationReference = 497C2B8E2F45E2C6947067C2 /* Pods-ShopifyProj.debug.xcconfig */;
			buildSettings = {
				ASSETCATALOG_COMPILER_APPICON_NAME = AppIcon;
				ASSETCATALOG_COMPILER_GLOBAL_ACCENT_COLOR_NAME = AccentColor;
				CODE_SIGN_STYLE = Automatic;
				CURRENT_PROJECT_VERSION = 1;
				GENERATE_INFOPLIST_FILE = YES;
				INFOPLIST_FILE = ShopifyProj/Info.plist;
				INFOPLIST_KEY_UIApplicationSupportsIndirectInputEvents = YES;
				INFOPLIST_KEY_UILaunchStoryboardName = LaunchScreen;
				INFOPLIST_KEY_UIMainStoryboardFile = Main;
				INFOPLIST_KEY_UISupportedInterfaceOrientations_iPad = "UIInterfaceOrientationPortrait UIInterfaceOrientationPortraitUpsideDown UIInterfaceOrientationLandscapeLeft UIInterfaceOrientationLandscapeRight";
				INFOPLIST_KEY_UISupportedInterfaceOrientations_iPhone = "UIInterfaceOrientationPortrait UIInterfaceOrientationLandscapeLeft UIInterfaceOrientationLandscapeRight";
				LD_RUNPATH_SEARCH_PATHS = (
					"$(inherited)",
					"@executable_path/Frameworks",
				);
				MARKETING_VERSION = 1.0;
				PRODUCT_BUNDLE_IDENTIFIER = ITI.ShopifyProj;
				PRODUCT_NAME = "$(TARGET_NAME)";
				SWIFT_EMIT_LOC_STRINGS = YES;
				SWIFT_VERSION = 5.0;
				TARGETED_DEVICE_FAMILY = "1,2";
			};
			name = Debug;
		};
		03233A5829A275B400FCD304 /* Release */ = {
			isa = XCBuildConfiguration;
			baseConfigurationReference = 2A176904194F6431FCFE533F /* Pods-ShopifyProj.release.xcconfig */;
			buildSettings = {
				ASSETCATALOG_COMPILER_APPICON_NAME = AppIcon;
				ASSETCATALOG_COMPILER_GLOBAL_ACCENT_COLOR_NAME = AccentColor;
				CODE_SIGN_STYLE = Automatic;
				CURRENT_PROJECT_VERSION = 1;
				GENERATE_INFOPLIST_FILE = YES;
				INFOPLIST_FILE = ShopifyProj/Info.plist;
				INFOPLIST_KEY_UIApplicationSupportsIndirectInputEvents = YES;
				INFOPLIST_KEY_UILaunchStoryboardName = LaunchScreen;
				INFOPLIST_KEY_UIMainStoryboardFile = Main;
				INFOPLIST_KEY_UISupportedInterfaceOrientations_iPad = "UIInterfaceOrientationPortrait UIInterfaceOrientationPortraitUpsideDown UIInterfaceOrientationLandscapeLeft UIInterfaceOrientationLandscapeRight";
				INFOPLIST_KEY_UISupportedInterfaceOrientations_iPhone = "UIInterfaceOrientationPortrait UIInterfaceOrientationLandscapeLeft UIInterfaceOrientationLandscapeRight";
				LD_RUNPATH_SEARCH_PATHS = (
					"$(inherited)",
					"@executable_path/Frameworks",
				);
				MARKETING_VERSION = 1.0;
				PRODUCT_BUNDLE_IDENTIFIER = ITI.ShopifyProj;
				PRODUCT_NAME = "$(TARGET_NAME)";
				SWIFT_EMIT_LOC_STRINGS = YES;
				SWIFT_VERSION = 5.0;
				TARGETED_DEVICE_FAMILY = "1,2";
			};
			name = Release;
		};
		03233A5A29A275B400FCD304 /* Debug */ = {
			isa = XCBuildConfiguration;
			baseConfigurationReference = CC7C3F0D3DF1D53BAB493C76 /* Pods-ShopifyProjTests.debug.xcconfig */;
			buildSettings = {
				ALWAYS_EMBED_SWIFT_STANDARD_LIBRARIES = YES;
				BUNDLE_LOADER = "$(TEST_HOST)";
				CODE_SIGN_STYLE = Automatic;
				CURRENT_PROJECT_VERSION = 1;
				GENERATE_INFOPLIST_FILE = YES;
				IPHONEOS_DEPLOYMENT_TARGET = 16.2;
				MARKETING_VERSION = 1.0;
				PRODUCT_BUNDLE_IDENTIFIER = ITI.ShopifyProjTests;
				PRODUCT_NAME = "$(TARGET_NAME)";
				SWIFT_EMIT_LOC_STRINGS = NO;
				SWIFT_VERSION = 5.0;
				TARGETED_DEVICE_FAMILY = "1,2";
				TEST_HOST = "$(BUILT_PRODUCTS_DIR)/ShopifyProj.app/$(BUNDLE_EXECUTABLE_FOLDER_PATH)/ShopifyProj";
			};
			name = Debug;
		};
		03233A5B29A275B400FCD304 /* Release */ = {
			isa = XCBuildConfiguration;
			baseConfigurationReference = 8383BF91B4A45A668AAF6AC3 /* Pods-ShopifyProjTests.release.xcconfig */;
			buildSettings = {
				ALWAYS_EMBED_SWIFT_STANDARD_LIBRARIES = YES;
				BUNDLE_LOADER = "$(TEST_HOST)";
				CODE_SIGN_STYLE = Automatic;
				CURRENT_PROJECT_VERSION = 1;
				GENERATE_INFOPLIST_FILE = YES;
				IPHONEOS_DEPLOYMENT_TARGET = 16.2;
				MARKETING_VERSION = 1.0;
				PRODUCT_BUNDLE_IDENTIFIER = ITI.ShopifyProjTests;
				PRODUCT_NAME = "$(TARGET_NAME)";
				SWIFT_EMIT_LOC_STRINGS = NO;
				SWIFT_VERSION = 5.0;
				TARGETED_DEVICE_FAMILY = "1,2";
				TEST_HOST = "$(BUILT_PRODUCTS_DIR)/ShopifyProj.app/$(BUNDLE_EXECUTABLE_FOLDER_PATH)/ShopifyProj";
			};
			name = Release;
		};
		03233A5D29A275B400FCD304 /* Debug */ = {
			isa = XCBuildConfiguration;
			baseConfigurationReference = 6B647E7035C78BAC05B3035D /* Pods-ShopifyProj-ShopifyProjUITests.debug.xcconfig */;
			buildSettings = {
				ALWAYS_EMBED_SWIFT_STANDARD_LIBRARIES = YES;
				CODE_SIGN_STYLE = Automatic;
				CURRENT_PROJECT_VERSION = 1;
				GENERATE_INFOPLIST_FILE = YES;
				MARKETING_VERSION = 1.0;
				PRODUCT_BUNDLE_IDENTIFIER = ITI.ShopifyProjUITests;
				PRODUCT_NAME = "$(TARGET_NAME)";
				SWIFT_EMIT_LOC_STRINGS = NO;
				SWIFT_VERSION = 5.0;
				TARGETED_DEVICE_FAMILY = "1,2";
				TEST_TARGET_NAME = ShopifyProj;
			};
			name = Debug;
		};
		03233A5E29A275B400FCD304 /* Release */ = {
			isa = XCBuildConfiguration;
			baseConfigurationReference = CDDE7E7C6E6108B51C6DDC75 /* Pods-ShopifyProj-ShopifyProjUITests.release.xcconfig */;
			buildSettings = {
				ALWAYS_EMBED_SWIFT_STANDARD_LIBRARIES = YES;
				CODE_SIGN_STYLE = Automatic;
				CURRENT_PROJECT_VERSION = 1;
				GENERATE_INFOPLIST_FILE = YES;
				MARKETING_VERSION = 1.0;
				PRODUCT_BUNDLE_IDENTIFIER = ITI.ShopifyProjUITests;
				PRODUCT_NAME = "$(TARGET_NAME)";
				SWIFT_EMIT_LOC_STRINGS = NO;
				SWIFT_VERSION = 5.0;
				TARGETED_DEVICE_FAMILY = "1,2";
				TEST_TARGET_NAME = ShopifyProj;
			};
			name = Release;
		};
/* End XCBuildConfiguration section */

/* Begin XCConfigurationList section */
		03233A2429A275B100FCD304 /* Build configuration list for PBXProject "ShopifyProj" */ = {
			isa = XCConfigurationList;
			buildConfigurations = (
				03233A5429A275B400FCD304 /* Debug */,
				03233A5529A275B400FCD304 /* Release */,
			);
			defaultConfigurationIsVisible = 0;
			defaultConfigurationName = Release;
		};
		03233A5629A275B400FCD304 /* Build configuration list for PBXNativeTarget "ShopifyProj" */ = {
			isa = XCConfigurationList;
			buildConfigurations = (
				03233A5729A275B400FCD304 /* Debug */,
				03233A5829A275B400FCD304 /* Release */,
			);
			defaultConfigurationIsVisible = 0;
			defaultConfigurationName = Release;
		};
		03233A5929A275B400FCD304 /* Build configuration list for PBXNativeTarget "ShopifyProjTests" */ = {
			isa = XCConfigurationList;
			buildConfigurations = (
				03233A5A29A275B400FCD304 /* Debug */,
				03233A5B29A275B400FCD304 /* Release */,
			);
			defaultConfigurationIsVisible = 0;
			defaultConfigurationName = Release;
		};
		03233A5C29A275B400FCD304 /* Build configuration list for PBXNativeTarget "ShopifyProjUITests" */ = {
			isa = XCConfigurationList;
			buildConfigurations = (
				03233A5D29A275B400FCD304 /* Debug */,
				03233A5E29A275B400FCD304 /* Release */,
			);
			defaultConfigurationIsVisible = 0;
			defaultConfigurationName = Release;
		};
/* End XCConfigurationList section */

/* Begin XCVersionGroup section */
		03233A3529A275B100FCD304 /* ShopifyProj.xcdatamodeld */ = {
			isa = XCVersionGroup;
			children = (
				03233A3629A275B100FCD304 /* ShopifyProj.xcdatamodel */,
			);
			currentVersion = 03233A3629A275B100FCD304 /* ShopifyProj.xcdatamodel */;
			path = ShopifyProj.xcdatamodeld;
			sourceTree = "<group>";
			versionGroupType = wrapper.xcdatamodel;
		};
/* End XCVersionGroup section */
	};
	rootObject = 03233A2129A275B100FCD304 /* Project object */;
}
